
Microsoft Visual Studio Solution File, Format Version 12.00
# Visual Studio Version 17
VisualStudioVersion = 17.9.34728.123
MinimumVisualStudioVersion = 10.0.40219.1
Project("{8BC9CEB8-8B4A-11D0-8D11-00A0C91BC942}") = "Lab_01_AG", "Lab_01_AG\Lab_01_AG.vcxproj", "{3C5D45DD-F1EA-4FE5-A524-65A64619E3C5}"
EndProject
Global
	GlobalSection(SolutionConfigurationPlatforms) = preSolution
		Debug|x64 = Debug|x64
		Release|x64 = Release|x64
	EndGlobalSection
	GlobalSection(ProjectConfigurationPlatforms) = postSolution
		{3C5D45DD-F1EA-4FE5-A524-65A64619E3C5}.Debug|x64.ActiveCfg = Debug|x64
		{3C5D45DD-F1EA-4FE5-A524-65A64619E3C5}.Debug|x64.Build.0 = Debug|x64
		{3C5D45DD-F1EA-4FE5-A524-65A64619E3C5}.Release|x64.ActiveCfg = Release|x64
		{3C5D45DD-F1EA-4FE5-A524-65A64619E3C5}.Release|x64.Build.0 = Release|x64
	EndGlobalSection
	GlobalSection(SolutionProperties) = preSolution
		HideSolutionNode = FALSE
	EndGlobalSection
	GlobalSection(ExtensibilityGlobals) = postSolution
		SolutionGuid = {FAE44B7D-D0AE-47A0-8BFC-C8CF34854207}
	EndGlobalSection
EndGlobal
