
Microsoft Visual Studio Solution File, Format Version 12.00
# Visual Studio Version 17
VisualStudioVersion = 17.7.34009.444
MinimumVisualStudioVersion = 10.0.40219.1
Project("{8BC9CEB8-8B4A-11D0-8D11-00A0C91BC942}") = "ProductsV2", "ProductsV2\ProductsV2.vcxproj", "{BA24E24C-E43F-4AA2-B3A9-011EA82FCD16}"
EndProject
Global
	GlobalSection(SolutionConfigurationPlatforms) = preSolution
		Debug|x64 = Debug|x64
		Debug|x86 = Debug|x86
		Release|x64 = Release|x64
		Release|x86 = Release|x86
	EndGlobalSection
	GlobalSection(ProjectConfigurationPlatforms) = postSolution
		{BA24E24C-E43F-4AA2-B3A9-011EA82FCD16}.Debug|x64.ActiveCfg = Debug|x64
		{BA24E24C-E43F-4AA2-B3A9-011EA82FCD16}.Debug|x64.Build.0 = Debug|x64
		{BA24E24C-E43F-4AA2-B3A9-011EA82FCD16}.Debug|x86.ActiveCfg = Debug|Win32
		{BA24E24C-E43F-4AA2-B3A9-011EA82FCD16}.Debug|x86.Build.0 = Debug|Win32
		{BA24E24C-E43F-4AA2-B3A9-011EA82FCD16}.Release|x64.ActiveCfg = Release|x64
		{BA24E24C-E43F-4AA2-B3A9-011EA82FCD16}.Release|x64.Build.0 = Release|x64
		{BA24E24C-E43F-4AA2-B3A9-011EA82FCD16}.Release|x86.ActiveCfg = Release|Win32
		{BA24E24C-E43F-4AA2-B3A9-011EA82FCD16}.Release|x86.Build.0 = Release|Win32
	EndGlobalSection
	GlobalSection(SolutionProperties) = preSolution
		HideSolutionNode = FALSE
	EndGlobalSection
	GlobalSection(ExtensibilityGlobals) = postSolution
		SolutionGuid = {800E6241-AA4D-4B5D-AFD0-67628AA40131}
	EndGlobalSection
EndGlobal
