
Microsoft Visual Studio Solution File, Format Version 12.00
# Visual Studio Version 16
VisualStudioVersion = 16.0.33927.289
MinimumVisualStudioVersion = 10.0.40219.1
Project("{FAE04EC0-301F-11D3-BF4B-00C04F79EFBC}") = "Modificatori de acces", "Modificatori de acces\Modificatori de acces.csproj", "{A34B58B6-3D32-4B91-A5C3-1517FBEE8CBD}"
EndProject
Project("{FAE04EC0-301F-11D3-BF4B-00C04F79EFBC}") = "AnotherAsembly", "AnotherAsembly\AnotherAsembly.csproj", "{AA0D3211-9F7C-436B-BAEE-79EB86867DF0}"
EndProject
Global
	GlobalSection(SolutionConfigurationPlatforms) = preSolution
		Debug|Any CPU = Debug|Any CPU
		Release|Any CPU = Release|Any CPU
	EndGlobalSection
	GlobalSection(ProjectConfigurationPlatforms) = postSolution
		{A34B58B6-3D32-4B91-A5C3-1517FBEE8CBD}.Debug|Any CPU.ActiveCfg = Debug|Any CPU
		{A34B58B6-3D32-4B91-A5C3-1517FBEE8CBD}.Debug|Any CPU.Build.0 = Debug|Any CPU
		{A34B58B6-3D32-4B91-A5C3-1517FBEE8CBD}.Release|Any CPU.ActiveCfg = Release|Any CPU
		{A34B58B6-3D32-4B91-A5C3-1517FBEE8CBD}.Release|Any CPU.Build.0 = Release|Any CPU
		{AA0D3211-9F7C-436B-BAEE-79EB86867DF0}.Debug|Any CPU.ActiveCfg = Debug|Any CPU
		{AA0D3211-9F7C-436B-BAEE-79EB86867DF0}.Debug|Any CPU.Build.0 = Debug|Any CPU
		{AA0D3211-9F7C-436B-BAEE-79EB86867DF0}.Release|Any CPU.ActiveCfg = Release|Any CPU
		{AA0D3211-9F7C-436B-BAEE-79EB86867DF0}.Release|Any CPU.Build.0 = Release|Any CPU
	EndGlobalSection
	GlobalSection(SolutionProperties) = preSolution
		HideSolutionNode = FALSE
	EndGlobalSection
	GlobalSection(ExtensibilityGlobals) = postSolution
		SolutionGuid = {77C72F0F-C327-447E-A672-D101E68C329E}
	EndGlobalSection
EndGlobal
