
Microsoft Visual Studio Solution File, Format Version 12.00
# Visual Studio Version 16
VisualStudioVersion = 16.0.33927.289
MinimumVisualStudioVersion = 10.0.40219.1
Project("{8BC9CEB8-8B4A-11D0-8D11-00A0C91BC942}") = "FunctiiP1", "FunctiiP1\FunctiiP1.vcxproj", "{3849C6C8-3C35-4C91-85ED-5AD4179AE6A1}"
EndProject
Global
	GlobalSection(SolutionConfigurationPlatforms) = preSolution
		Debug|x64 = Debug|x64
		Debug|x86 = Debug|x86
		Release|x64 = Release|x64
		Release|x86 = Release|x86
	EndGlobalSection
	GlobalSection(ProjectConfigurationPlatforms) = postSolution
		{3849C6C8-3C35-4C91-85ED-5AD4179AE6A1}.Debug|x64.ActiveCfg = Debug|x64
		{3849C6C8-3C35-4C91-85ED-5AD4179AE6A1}.Debug|x64.Build.0 = Debug|x64
		{3849C6C8-3C35-4C91-85ED-5AD4179AE6A1}.Debug|x86.ActiveCfg = Debug|Win32
		{3849C6C8-3C35-4C91-85ED-5AD4179AE6A1}.Debug|x86.Build.0 = Debug|Win32
		{3849C6C8-3C35-4C91-85ED-5AD4179AE6A1}.Release|x64.ActiveCfg = Release|x64
		{3849C6C8-3C35-4C91-85ED-5AD4179AE6A1}.Release|x64.Build.0 = Release|x64
		{3849C6C8-3C35-4C91-85ED-5AD4179AE6A1}.Release|x86.ActiveCfg = Release|Win32
		{3849C6C8-3C35-4C91-85ED-5AD4179AE6A1}.Release|x86.Build.0 = Release|Win32
	EndGlobalSection
	GlobalSection(SolutionProperties) = preSolution
		HideSolutionNode = FALSE
	EndGlobalSection
	GlobalSection(ExtensibilityGlobals) = postSolution
		SolutionGuid = {7B5158DA-64A7-4967-8FB8-F36D6CFB41A9}
	EndGlobalSection
EndGlobal
