
Microsoft Visual Studio Solution File, Format Version 12.00
# Visual Studio Version 17
VisualStudioVersion = 17.9.34728.123
MinimumVisualStudioVersion = 10.0.40219.1
Project("{8BC9CEB8-8B4A-11D0-8D11-00A0C91BC942}") = "OOP_05_Exercise", "OOP_05_Exercise\OOP_05_Exercise.vcxproj", "{1DD86930-1D79-445F-8D84-3916D1C91F00}"
EndProject
Global
	GlobalSection(SolutionConfigurationPlatforms) = preSolution
		Debug|x64 = Debug|x64
		Debug|x86 = Debug|x86
		Release|x64 = Release|x64
		Release|x86 = Release|x86
	EndGlobalSection
	GlobalSection(ProjectConfigurationPlatforms) = postSolution
		{1DD86930-1D79-445F-8D84-3916D1C91F00}.Debug|x64.ActiveCfg = Debug|x64
		{1DD86930-1D79-445F-8D84-3916D1C91F00}.Debug|x64.Build.0 = Debug|x64
		{1DD86930-1D79-445F-8D84-3916D1C91F00}.Debug|x86.ActiveCfg = Debug|Win32
		{1DD86930-1D79-445F-8D84-3916D1C91F00}.Debug|x86.Build.0 = Debug|Win32
		{1DD86930-1D79-445F-8D84-3916D1C91F00}.Release|x64.ActiveCfg = Release|x64
		{1DD86930-1D79-445F-8D84-3916D1C91F00}.Release|x64.Build.0 = Release|x64
		{1DD86930-1D79-445F-8D84-3916D1C91F00}.Release|x86.ActiveCfg = Release|Win32
		{1DD86930-1D79-445F-8D84-3916D1C91F00}.Release|x86.Build.0 = Release|Win32
	EndGlobalSection
	GlobalSection(SolutionProperties) = preSolution
		HideSolutionNode = FALSE
	EndGlobalSection
	GlobalSection(ExtensibilityGlobals) = postSolution
		SolutionGuid = {73310EDF-DB26-4DC1-A92D-E6B6DFC1802F}
	EndGlobalSection
EndGlobal
