
Microsoft Visual Studio Solution File, Format Version 12.00
# Visual Studio Version 16
VisualStudioVersion = 16.0.33927.289
MinimumVisualStudioVersion = 10.0.40219.1
Project("{FAE04EC0-301F-11D3-BF4B-00C04F79EFBC}") = "Prima Aplicatie", "Prima Aplicatie\Prima Aplicatie.csproj", "{449725EA-A79F-4B80-9AD5-5E383E155A9B}"
EndProject
Global
	GlobalSection(SolutionConfigurationPlatforms) = preSolution
		Debug|Any CPU = Debug|Any CPU
		Release|Any CPU = Release|Any CPU
	EndGlobalSection
	GlobalSection(ProjectConfigurationPlatforms) = postSolution
		{449725EA-A79F-4B80-9AD5-5E383E155A9B}.Debug|Any CPU.ActiveCfg = Debug|Any CPU
		{449725EA-A79F-4B80-9AD5-5E383E155A9B}.Debug|Any CPU.Build.0 = Debug|Any CPU
		{449725EA-A79F-4B80-9AD5-5E383E155A9B}.Release|Any CPU.ActiveCfg = Release|Any CPU
		{449725EA-A79F-4B80-9AD5-5E383E155A9B}.Release|Any CPU.Build.0 = Release|Any CPU
	EndGlobalSection
	GlobalSection(SolutionProperties) = preSolution
		HideSolutionNode = FALSE
	EndGlobalSection
	GlobalSection(ExtensibilityGlobals) = postSolution
		SolutionGuid = {AFE3B13F-95B6-4A74-8326-9288CF5DFF64}
	EndGlobalSection
EndGlobal
